
Microsoft Visual Studio Solution File, Format Version 12.00
# Visual Studio Version 17
VisualStudioVersion = 17.3.32901.215
MinimumVisualStudioVersion = 10.0.40219.1
Project("{FAE04EC0-301F-11D3-BF4B-00C04F79EFBC}") = "Практическая работа №2", "Практическая работа №2\Практическая работа №2.csproj", "{673C6106-7AA0-4E62-8ABA-31466F10C686}"
EndProject
Global
	GlobalSection(SolutionConfigurationPlatforms) = preSolution
		Debug|Any CPU = Debug|Any CPU
		Release|Any CPU = Release|Any CPU
	EndGlobalSection
	GlobalSection(ProjectConfigurationPlatforms) = postSolution
		{673C6106-7AA0-4E62-8ABA-31466F10C686}.Debug|Any CPU.ActiveCfg = Debug|Any CPU
		{673C6106-7AA0-4E62-8ABA-31466F10C686}.Debug|Any CPU.Build.0 = Debug|Any CPU
		{673C6106-7AA0-4E62-8ABA-31466F10C686}.Release|Any CPU.ActiveCfg = Release|Any CPU
		{673C6106-7AA0-4E62-8ABA-31466F10C686}.Release|Any CPU.Build.0 = Release|Any CPU
	EndGlobalSection
	GlobalSection(SolutionProperties) = preSolution
		HideSolutionNode = FALSE
	EndGlobalSection
	GlobalSection(ExtensibilityGlobals) = postSolution
		SolutionGuid = {001DEFBF-BEDA-4EB2-BC14-6D113055BA04}
	EndGlobalSection
EndGlobal
